schema: '2.0'
stages:
  prepare:
    cmd: python scripts/prepare_data.py --config configs/data/smard.yaml
    deps:
    - path: configs/data/smard.yaml
      hash: md5
      md5: 582b7a03028413420cfd5528e05a7941
      size: 1007
    - path: data/raw/Actual_consumption_202401010000_202501010000_Hour.csv
      hash: md5
      md5: a61ae271d8050dca82a5ce804c887cd4
      size: 705601
    - path: data/raw/Actual_generation_202401010000_202501010000_Hour.csv
      hash: md5
      md5: 6367961a103ce2e924686b9090ebf153
      size: 1222065
    - path: data/raw/Day-ahead_prices_202401010000_202501010000_Hour.csv
      hash: md5
      md5: 1ba0d53c53d285333af6bdc4fe70d0b7
      size: 1269928
    - path: scripts/prepare_data.py
      hash: md5
      md5: 4fe944fca1900b62e1f47471110eee42
      size: 1601
    outs:
    - path: data/processed/test.parquet
      hash: md5
      md5: ec478d6c1287ef7bac4b02bbaa0adbd9
      size: 165056
    - path: data/processed/train.parquet
      hash: md5
      md5: e8de432bacdabb4f02f7a1401eea0d28
      size: 1234594
    - path: data/processed/valid.parquet
      hash: md5
      md5: 92779df4838fcd001cfa6257965694eb
      size: 160531
